<?xml version="1.0" encoding="utf-8"?>
<Project ToolsVersion="4.0" xmlns="http://schemas.microsoft.com/developer/msbuild/2003">
  <ItemGroup>
    <Filter Include="Source Files">
      <UniqueIdentifier>{4FC737F1-C7A5-4376-A066-2A32D752A2FF}</UniqueIdentifier>
      <Extensions>cpp;c;cc;cxx;def;odl;idl;hpj;bat;asm;asmx</Extensions>
    </Filter>
    <Filter Include="Header Files">
      <UniqueIdentifier>{93995380-89BD-4b04-88EB-625FBE52EBFB}</UniqueIdentifier>
      <Extensions>h;hpp;hxx;hm;inl;inc;xsd</Extensions>
    </Filter>
    <Filter Include="Resource Files">
      <UniqueIdentifier>{67DA6AB6-F800-4c08-8B7A-83BB121AAD01}</UniqueIdentifier>
      <Extensions>rc;ico;cur;bmp;dlg;rc2;rct;bin;rgs;gif;jpg;jpeg;jpe;resx;tiff;tif;png;wav;mfcribbon-ms</Extensions>
    </Filter>
    <Filter Include="Source Files\TinyXML">
      <UniqueIdentifier>{711292cf-a6ae-437c-a445-a718c018b2eb}</UniqueIdentifier>
    </Filter>
    <Filter Include="Header Files\TinyXML">
      <UniqueIdentifier>{99b5dd6d-e04b-4742-ac63-28d3038b2c9e}</UniqueIdentifier>
    </Filter>
    <Filter Include="Header Files\TicTacToe">
      <UniqueIdentifier>{acd2a76d-aa6f-42fb-bab3-6d498f1bca96}</UniqueIdentifier>
    </Filter>
    <Filter Include="Source Files\TicTacToe">
      <UniqueIdentifier>{ce15612b-1be7-41f6-aaaa-8340a4524a27}</UniqueIdentifier>
    </Filter>
    <Filter Include="Header Files\Checkers">
      <UniqueIdentifier>{8165da98-3d00-4028-8211-08c67f356e2e}</UniqueIdentifier>
    </Filter>
    <Filter Include="Source Files\Checkers">
      <UniqueIdentifier>{49e6af4b-5a38-4cde-ab52-8db019449d9b}</UniqueIdentifier>
    </Filter>
  </ItemGroup>
  <ItemGroup>
    <ClCompile Include="main.cpp">
      <Filter>Source Files</Filter>
    </ClCompile>
    <ClCompile Include="GameObject.cpp">
      <Filter>Source Files</Filter>
    </ClCompile>
    <ClCompile Include="Bitmap.cpp">
      <Filter>Source Files</Filter>
    </ClCompile>
    <ClCompile Include="AssetManager.cpp">
      <Filter>Source Files</Filter>
    </ClCompile>
    <ClCompile Include="Engine.cpp">
      <Filter>Source Files</Filter>
    </ClCompile>
    <ClCompile Include="RenderComponent.cpp">
      <Filter>Source Files</Filter>
    </ClCompile>
    <ClCompile Include="Application.cpp">
      <Filter>Source Files</Filter>
    </ClCompile>
    <ClCompile Include="Renderer.cpp">
      <Filter>Source Files</Filter>
    </ClCompile>
    <ClCompile Include="Player.cpp">
      <Filter>Source Files</Filter>
    </ClCompile>
    <ClCompile Include="PlayerKeyboardInput.cpp">
      <Filter>Source Files</Filter>
    </ClCompile>
    <ClCompile Include="C:\tinyxml\tinystr.cpp">
      <Filter>Source Files\TinyXML</Filter>
    </ClCompile>
    <ClCompile Include="C:\tinyxml\tinyxml.cpp">
      <Filter>Source Files\TinyXML</Filter>
    </ClCompile>
    <ClCompile Include="C:\tinyxml\tinyxmlerror.cpp">
      <Filter>Source Files\TinyXML</Filter>
    </ClCompile>
    <ClCompile Include="C:\tinyxml\tinyxmlparser.cpp">
      <Filter>Source Files\TinyXML</Filter>
    </ClCompile>
    <ClCompile Include="PlayerMouseInput.cpp">
      <Filter>Source Files</Filter>
    </ClCompile>
    <ClCompile Include="TTTBoard.cpp">
      <Filter>Source Files\TicTacToe</Filter>
    </ClCompile>
    <ClCompile Include="TTTBoardRender.cpp">
      <Filter>Source Files\TicTacToe</Filter>
    </ClCompile>
    <ClCompile Include="TTTBoardInput.cpp">
      <Filter>Source Files\TicTacToe</Filter>
    </ClCompile>
    <ClCompile Include="CheckersBoard.cpp">
      <Filter>Source Files\Checkers</Filter>
    </ClCompile>
    <ClCompile Include="CheckersPiece.cpp">
      <Filter>Source Files</Filter>
    </ClCompile>
  </ItemGroup>
  <ItemGroup>
    <ClInclude Include="Component.h">
      <Filter>Header Files</Filter>
    </ClInclude>
    <ClInclude Include="GameObject.h">
      <Filter>Header Files</Filter>
    </ClInclude>
    <ClInclude Include="Asset.h">
      <Filter>Header Files</Filter>
    </ClInclude>
    <ClInclude Include="AudioClip.h">
      <Filter>Header Files</Filter>
    </ClInclude>
    <ClInclude Include="Bitmap.h">
      <Filter>Header Files</Filter>
    </ClInclude>
    <ClInclude Include="AssetManager.h">
      <Filter>Header Files</Filter>
    </ClInclude>
    <ClInclude Include="Engine.h">
      <Filter>Header Files</Filter>
    </ClInclude>
    <ClInclude Include="Application.h">
      <Filter>Header Files</Filter>
    </ClInclude>
    <ClInclude Include="RenderComponent.h">
      <Filter>Header Files</Filter>
    </ClInclude>
    <ClInclude Include="Renderer.h">
      <Filter>Header Files</Filter>
    </ClInclude>
    <ClInclude Include="GameBoard.h">
      <Filter>Header Files</Filter>
    </ClInclude>
    <ClInclude Include="Process.h">
      <Filter>Header Files</Filter>
    </ClInclude>
    <ClInclude Include="InputComponent.h">
      <Filter>Header Files</Filter>
    </ClInclude>
    <ClInclude Include="Debug.h">
      <Filter>Header Files</Filter>
    </ClInclude>
    <ClInclude Include="Player.h">
      <Filter>Header Files</Filter>
    </ClInclude>
    <ClInclude Include="PlayerMouseInput.h">
      <Filter>Header Files</Filter>
    </ClInclude>
    <ClInclude Include="PlayerKeyboardInput.h">
      <Filter>Header Files</Filter>
    </ClInclude>
    <ClInclude Include="C:\tinyxml\tinystr.h">
      <Filter>Header Files\TinyXML</Filter>
    </ClInclude>
    <ClInclude Include="C:\tinyxml\tinyxml.h">
      <Filter>Header Files\TinyXML</Filter>
    </ClInclude>
    <ClInclude Include="TTTBoard.h">
      <Filter>Header Files\TicTacToe</Filter>
    </ClInclude>
    <ClInclude Include="TTTBoardRender.h">
      <Filter>Header Files\TicTacToe</Filter>
    </ClInclude>
    <ClInclude Include="TTTBoardInput.h">
      <Filter>Header Files\TicTacToe</Filter>
    </ClInclude>
    <ClInclude Include="CheckersBoard.h">
      <Filter>Header Files\Checkers</Filter>
    </ClInclude>
    <ClInclude Include="GamePiece.h">
      <Filter>Header Files</Filter>
    </ClInclude>
    <ClInclude Include="CheckersPiece.h">
      <Filter>Header Files\Checkers</Filter>
    </ClInclude>
  </ItemGroup>
</Project>